
Microsoft Visual Studio Solution File, Format Version 12.00
# Visual Studio 15
VisualStudioVersion = 15.0.27703.2035
MinimumVisualStudioVersion = 10.0.40219.1
Project("{9A19103F-16F7-4668-BE54-9A1E7A4F7556}") = "GravityVectorToKML", "GravityVectorToKML\GravityVectorToKML.csproj", "{29F5776D-C501-4D89-BDB1-393D7F9B6E39}"
EndProject
Project("{9A19103F-16F7-4668-BE54-9A1E7A4F7556}") = "GravityVectorToolKit.DataModel", "GravityVectorToolKit.DataModel\GravityVectorToolKit.DataModel.csproj", "{CDD3F0BC-8E89-4EA9-A0A6-102F1875CD47}"
EndProject
Project("{9A19103F-16F7-4668-BE54-9A1E7A4F7556}") = "GravityVectorToolKit.CSV.Mapping", "GravityVectorToolKit.Mapping\GravityVectorToolKit.CSV.Mapping.csproj", "{068A7566-9771-4D39-8748-A1B6F49167AD}"
EndProject
Project("{9A19103F-16F7-4668-BE54-9A1E7A4F7556}") = "GravityVectorToolKit.DataAccess", "GravityVectorToolKit.DataAccess\GravityVectorToolKit.DataAccess.csproj", "{6AC2C16C-85A8-406D-AC0C-1A2A0CA711E3}"
EndProject
Project("{FAE04EC0-301F-11D3-BF4B-00C04F79EFBC}") = "GravityvectorToolKit.NHibernate.Mapping", "GravityvectorToolKit.NHibernate.Mapping\GravityvectorToolKit.NHibernate.Mapping.csproj", "{A08C12AC-4CB1-4041-94A3-F1B8730A8297}"
EndProject
Global
	GlobalSection(SolutionConfigurationPlatforms) = preSolution
		Debug|Any CPU = Debug|Any CPU
		Release|Any CPU = Release|Any CPU
	EndGlobalSection
	GlobalSection(ProjectConfigurationPlatforms) = postSolution
		{29F5776D-C501-4D89-BDB1-393D7F9B6E39}.Debug|Any CPU.ActiveCfg = Debug|Any CPU
		{29F5776D-C501-4D89-BDB1-393D7F9B6E39}.Debug|Any CPU.Build.0 = Debug|Any CPU
		{29F5776D-C501-4D89-BDB1-393D7F9B6E39}.Release|Any CPU.ActiveCfg = Release|Any CPU
		{29F5776D-C501-4D89-BDB1-393D7F9B6E39}.Release|Any CPU.Build.0 = Release|Any CPU
		{CDD3F0BC-8E89-4EA9-A0A6-102F1875CD47}.Debug|Any CPU.ActiveCfg = Debug|Any CPU
		{CDD3F0BC-8E89-4EA9-A0A6-102F1875CD47}.Debug|Any CPU.Build.0 = Debug|Any CPU
		{CDD3F0BC-8E89-4EA9-A0A6-102F1875CD47}.Release|Any CPU.ActiveCfg = Release|Any CPU
		{CDD3F0BC-8E89-4EA9-A0A6-102F1875CD47}.Release|Any CPU.Build.0 = Release|Any CPU
		{068A7566-9771-4D39-8748-A1B6F49167AD}.Debug|Any CPU.ActiveCfg = Debug|Any CPU
		{068A7566-9771-4D39-8748-A1B6F49167AD}.Debug|Any CPU.Build.0 = Debug|Any CPU
		{068A7566-9771-4D39-8748-A1B6F49167AD}.Release|Any CPU.ActiveCfg = Release|Any CPU
		{068A7566-9771-4D39-8748-A1B6F49167AD}.Release|Any CPU.Build.0 = Release|Any CPU
		{6AC2C16C-85A8-406D-AC0C-1A2A0CA711E3}.Debug|Any CPU.ActiveCfg = Debug|Any CPU
		{6AC2C16C-85A8-406D-AC0C-1A2A0CA711E3}.Debug|Any CPU.Build.0 = Debug|Any CPU
		{6AC2C16C-85A8-406D-AC0C-1A2A0CA711E3}.Release|Any CPU.ActiveCfg = Release|Any CPU
		{6AC2C16C-85A8-406D-AC0C-1A2A0CA711E3}.Release|Any CPU.Build.0 = Release|Any CPU
		{A08C12AC-4CB1-4041-94A3-F1B8730A8297}.Debug|Any CPU.ActiveCfg = Debug|Any CPU
		{A08C12AC-4CB1-4041-94A3-F1B8730A8297}.Debug|Any CPU.Build.0 = Debug|Any CPU
		{A08C12AC-4CB1-4041-94A3-F1B8730A8297}.Release|Any CPU.ActiveCfg = Release|Any CPU
		{A08C12AC-4CB1-4041-94A3-F1B8730A8297}.Release|Any CPU.Build.0 = Release|Any CPU
	EndGlobalSection
	GlobalSection(SolutionProperties) = preSolution
		HideSolutionNode = FALSE
	EndGlobalSection
	GlobalSection(ExtensibilityGlobals) = postSolution
		SolutionGuid = {D34D4BE6-4E3C-487F-B15A-7EA8DB3AE60F}
	EndGlobalSection
EndGlobal
