
Microsoft Visual Studio Solution File, Format Version 12.00
# Visual Studio Version 16
VisualStudioVersion = 16.0.30709.64
MinimumVisualStudioVersion = 10.0.40219.1
Project("{9A19103F-16F7-4668-BE54-9A1E7A4F7556}") = "GravityVectorToolKit.DataModel", "GravityVectorToolKit.DataModel\GravityVectorToolKit.DataModel.csproj", "{CDD3F0BC-8E89-4EA9-A0A6-102F1875CD47}"
EndProject
Project("{9A19103F-16F7-4668-BE54-9A1E7A4F7556}") = "GravityVectorToolKit.CSV.Mapping", "GravityVectorToolKit.Mapping\GravityVectorToolKit.CSV.Mapping.csproj", "{068A7566-9771-4D39-8748-A1B6F49167AD}"
EndProject
Project("{9A19103F-16F7-4668-BE54-9A1E7A4F7556}") = "GravityVectorToolKit.DataAccess", "GravityVectorToolKit.DataAccess\GravityVectorToolKit.DataAccess.csproj", "{6AC2C16C-85A8-406D-AC0C-1A2A0CA711E3}"
EndProject
Project("{9A19103F-16F7-4668-BE54-9A1E7A4F7556}") = "GravityvectorToolKit.NHibernate.Mapping", "GravityvectorToolKit.NHibernate.Mapping\GravityvectorToolKit.NHibernate.Mapping.csproj", "{A08C12AC-4CB1-4041-94A3-F1B8730A8297}"
EndProject
Project("{9A19103F-16F7-4668-BE54-9A1E7A4F7556}") = "GravityVectorToolkit.Tools.DatabaseImport", "GravityVectorToolkit.Tools.DatabaseImport\GravityVectorToolkit.Tools.DatabaseImport.csproj", "{E31A7665-9F26-4209-BCD0-6D566F367E2E}"
EndProject
Project("{9A19103F-16F7-4668-BE54-9A1E7A4F7556}") = "GravityVectorToolKit.Common", "GravityVectorToolKit.Common\GravityVectorToolKit.Common.csproj", "{AB6FE0DE-44BC-4664-8A70-08836A88662B}"
EndProject
Project("{9A19103F-16F7-4668-BE54-9A1E7A4F7556}") = "GravityVectorToolkit.Tools.GravityVectorToKML", "GravityVectorToolkit.Tools.GravityVectorToKML\GravityVectorToolkit.Tools.GravityVectorToKML.csproj", "{B3D65BAB-3A66-4AD3-A250-328361B29994}"
EndProject
Project("{9A19103F-16F7-4668-BE54-9A1E7A4F7556}") = "GravityVectorToolkit.Test.UnitTests", "GravityVectorToolkit.Test.UnitTests\GravityVectorToolkit.Test.UnitTests.csproj", "{C6CDEA33-F85B-4D60-B1DF-6A83F21AB072}"
EndProject
Project("{FAE04EC0-301F-11D3-BF4B-00C04F79EFBC}") = "GravityVectorToolKit.Tools.Frontend", "GravityVectorToolKit.Tools.Frontend\GravityVectorToolKit.Tools.Frontend.csproj", "{88BE3E75-6020-48CC-8BE1-3C686C4DAE77}"
EndProject
Global
	GlobalSection(SolutionConfigurationPlatforms) = preSolution
		Debug|Any CPU = Debug|Any CPU
		Release|Any CPU = Release|Any CPU
	EndGlobalSection
	GlobalSection(ProjectConfigurationPlatforms) = postSolution
		{CDD3F0BC-8E89-4EA9-A0A6-102F1875CD47}.Debug|Any CPU.ActiveCfg = Debug|Any CPU
		{CDD3F0BC-8E89-4EA9-A0A6-102F1875CD47}.Debug|Any CPU.Build.0 = Debug|Any CPU
		{CDD3F0BC-8E89-4EA9-A0A6-102F1875CD47}.Release|Any CPU.ActiveCfg = Release|Any CPU
		{CDD3F0BC-8E89-4EA9-A0A6-102F1875CD47}.Release|Any CPU.Build.0 = Release|Any CPU
		{068A7566-9771-4D39-8748-A1B6F49167AD}.Debug|Any CPU.ActiveCfg = Debug|Any CPU
		{068A7566-9771-4D39-8748-A1B6F49167AD}.Debug|Any CPU.Build.0 = Debug|Any CPU
		{068A7566-9771-4D39-8748-A1B6F49167AD}.Release|Any CPU.ActiveCfg = Release|Any CPU
		{068A7566-9771-4D39-8748-A1B6F49167AD}.Release|Any CPU.Build.0 = Release|Any CPU
		{6AC2C16C-85A8-406D-AC0C-1A2A0CA711E3}.Debug|Any CPU.ActiveCfg = Debug|Any CPU
		{6AC2C16C-85A8-406D-AC0C-1A2A0CA711E3}.Debug|Any CPU.Build.0 = Debug|Any CPU
		{6AC2C16C-85A8-406D-AC0C-1A2A0CA711E3}.Release|Any CPU.ActiveCfg = Release|Any CPU
		{6AC2C16C-85A8-406D-AC0C-1A2A0CA711E3}.Release|Any CPU.Build.0 = Release|Any CPU
		{A08C12AC-4CB1-4041-94A3-F1B8730A8297}.Debug|Any CPU.ActiveCfg = Debug|Any CPU
		{A08C12AC-4CB1-4041-94A3-F1B8730A8297}.Debug|Any CPU.Build.0 = Debug|Any CPU
		{A08C12AC-4CB1-4041-94A3-F1B8730A8297}.Release|Any CPU.ActiveCfg = Release|Any CPU
		{A08C12AC-4CB1-4041-94A3-F1B8730A8297}.Release|Any CPU.Build.0 = Release|Any CPU
		{E31A7665-9F26-4209-BCD0-6D566F367E2E}.Debug|Any CPU.ActiveCfg = Debug|Any CPU
		{E31A7665-9F26-4209-BCD0-6D566F367E2E}.Debug|Any CPU.Build.0 = Debug|Any CPU
		{E31A7665-9F26-4209-BCD0-6D566F367E2E}.Release|Any CPU.ActiveCfg = Release|Any CPU
		{E31A7665-9F26-4209-BCD0-6D566F367E2E}.Release|Any CPU.Build.0 = Release|Any CPU
		{AB6FE0DE-44BC-4664-8A70-08836A88662B}.Debug|Any CPU.ActiveCfg = Debug|Any CPU
		{AB6FE0DE-44BC-4664-8A70-08836A88662B}.Debug|Any CPU.Build.0 = Debug|Any CPU
		{AB6FE0DE-44BC-4664-8A70-08836A88662B}.Release|Any CPU.ActiveCfg = Release|Any CPU
		{AB6FE0DE-44BC-4664-8A70-08836A88662B}.Release|Any CPU.Build.0 = Release|Any CPU
		{B3D65BAB-3A66-4AD3-A250-328361B29994}.Debug|Any CPU.ActiveCfg = Debug|Any CPU
		{B3D65BAB-3A66-4AD3-A250-328361B29994}.Debug|Any CPU.Build.0 = Debug|Any CPU
		{B3D65BAB-3A66-4AD3-A250-328361B29994}.Release|Any CPU.ActiveCfg = Release|Any CPU
		{B3D65BAB-3A66-4AD3-A250-328361B29994}.Release|Any CPU.Build.0 = Release|Any CPU
		{C6CDEA33-F85B-4D60-B1DF-6A83F21AB072}.Debug|Any CPU.ActiveCfg = Debug|Any CPU
		{C6CDEA33-F85B-4D60-B1DF-6A83F21AB072}.Debug|Any CPU.Build.0 = Debug|Any CPU
		{C6CDEA33-F85B-4D60-B1DF-6A83F21AB072}.Release|Any CPU.ActiveCfg = Release|Any CPU
		{C6CDEA33-F85B-4D60-B1DF-6A83F21AB072}.Release|Any CPU.Build.0 = Release|Any CPU
		{88BE3E75-6020-48CC-8BE1-3C686C4DAE77}.Debug|Any CPU.ActiveCfg = Debug|Any CPU
		{88BE3E75-6020-48CC-8BE1-3C686C4DAE77}.Debug|Any CPU.Build.0 = Debug|Any CPU
		{88BE3E75-6020-48CC-8BE1-3C686C4DAE77}.Release|Any CPU.ActiveCfg = Release|Any CPU
		{88BE3E75-6020-48CC-8BE1-3C686C4DAE77}.Release|Any CPU.Build.0 = Release|Any CPU
	EndGlobalSection
	GlobalSection(SolutionProperties) = preSolution
		HideSolutionNode = FALSE
	EndGlobalSection
	GlobalSection(ExtensibilityGlobals) = postSolution
		SolutionGuid = {D34D4BE6-4E3C-487F-B15A-7EA8DB3AE60F}
	EndGlobalSection
EndGlobal
